
Microsoft Visual Studio Solution File, Format Version 12.00
# Visual Studio Version 16
VisualStudioVersion = 16.0.30517.126
MinimumVisualStudioVersion = 10.0.40219.1
Project("{FAE04EC0-301F-11D3-BF4B-00C04F79EFBC}") = "TryItOut2Chap6", "TryItOut2Chap6\TryItOut2Chap6.csproj", "{24340D2B-BB4D-4956-9FE6-377CA3F5190E}"
EndProject
Global
	GlobalSection(SolutionConfigurationPlatforms) = preSolution
		Debug|Any CPU = Debug|Any CPU
		Release|Any CPU = Release|Any CPU
	EndGlobalSection
	GlobalSection(ProjectConfigurationPlatforms) = postSolution
		{24340D2B-BB4D-4956-9FE6-377CA3F5190E}.Debug|Any CPU.ActiveCfg = Debug|Any CPU
		{24340D2B-BB4D-4956-9FE6-377CA3F5190E}.Debug|Any CPU.Build.0 = Debug|Any CPU
		{24340D2B-BB4D-4956-9FE6-377CA3F5190E}.Release|Any CPU.ActiveCfg = Release|Any CPU
		{24340D2B-BB4D-4956-9FE6-377CA3F5190E}.Release|Any CPU.Build.0 = Release|Any CPU
	EndGlobalSection
	GlobalSection(SolutionProperties) = preSolution
		HideSolutionNode = FALSE
	EndGlobalSection
	GlobalSection(ExtensibilityGlobals) = postSolution
		SolutionGuid = {28B7D128-574D-4F3C-A6AB-7360F68C0B4D}
	EndGlobalSection
EndGlobal
