
Microsoft Visual Studio Solution File, Format Version 12.00
# Visual Studio Version 16
VisualStudioVersion = 16.0.30517.126
MinimumVisualStudioVersion = 10.0.40219.1
Project("{FAE04EC0-301F-11D3-BF4B-00C04F79EFBC}") = "TryItOut3Chap4", "TryItOut3Chap4\TryItOut3Chap4.csproj", "{25B1D6BE-647F-4D37-AAA9-50FD3FEF9F24}"
EndProject
Global
	GlobalSection(SolutionConfigurationPlatforms) = preSolution
		Debug|Any CPU = Debug|Any CPU
		Release|Any CPU = Release|Any CPU
	EndGlobalSection
	GlobalSection(ProjectConfigurationPlatforms) = postSolution
		{25B1D6BE-647F-4D37-AAA9-50FD3FEF9F24}.Debug|Any CPU.ActiveCfg = Debug|Any CPU
		{25B1D6BE-647F-4D37-AAA9-50FD3FEF9F24}.Debug|Any CPU.Build.0 = Debug|Any CPU
		{25B1D6BE-647F-4D37-AAA9-50FD3FEF9F24}.Release|Any CPU.ActiveCfg = Release|Any CPU
		{25B1D6BE-647F-4D37-AAA9-50FD3FEF9F24}.Release|Any CPU.Build.0 = Release|Any CPU
	EndGlobalSection
	GlobalSection(SolutionProperties) = preSolution
		HideSolutionNode = FALSE
	EndGlobalSection
	GlobalSection(ExtensibilityGlobals) = postSolution
		SolutionGuid = {1F59401C-4066-4831-AB23-DD304393E0BB}
	EndGlobalSection
EndGlobal
