
Microsoft Visual Studio Solution File, Format Version 12.00
# Visual Studio Version 16
VisualStudioVersion = 16.0.30517.126
MinimumVisualStudioVersion = 10.0.40219.1
Project("{FAE04EC0-301F-11D3-BF4B-00C04F79EFBC}") = "TryItOut2Chap4", "TryItOut2Chap4\TryItOut2Chap4.csproj", "{64373839-1283-4BC9-9ABE-DF9F5E260954}"
EndProject
Global
	GlobalSection(SolutionConfigurationPlatforms) = preSolution
		Debug|Any CPU = Debug|Any CPU
		Release|Any CPU = Release|Any CPU
	EndGlobalSection
	GlobalSection(ProjectConfigurationPlatforms) = postSolution
		{64373839-1283-4BC9-9ABE-DF9F5E260954}.Debug|Any CPU.ActiveCfg = Debug|Any CPU
		{64373839-1283-4BC9-9ABE-DF9F5E260954}.Debug|Any CPU.Build.0 = Debug|Any CPU
		{64373839-1283-4BC9-9ABE-DF9F5E260954}.Release|Any CPU.ActiveCfg = Release|Any CPU
		{64373839-1283-4BC9-9ABE-DF9F5E260954}.Release|Any CPU.Build.0 = Release|Any CPU
	EndGlobalSection
	GlobalSection(SolutionProperties) = preSolution
		HideSolutionNode = FALSE
	EndGlobalSection
	GlobalSection(ExtensibilityGlobals) = postSolution
		SolutionGuid = {F2C7905A-FC1E-4E00-B02A-DBD9DB07409F}
	EndGlobalSection
EndGlobal
