
Microsoft Visual Studio Solution File, Format Version 12.00
# Visual Studio Version 16
VisualStudioVersion = 16.0.30517.126
MinimumVisualStudioVersion = 10.0.40219.1
Project("{FAE04EC0-301F-11D3-BF4B-00C04F79EFBC}") = "TryItOut1Chap5", "TryItOut1Chap5\TryItOut1Chap5.csproj", "{D0463C64-8321-4E29-A9C7-CFA890F19540}"
EndProject
Global
	GlobalSection(SolutionConfigurationPlatforms) = preSolution
		Debug|Any CPU = Debug|Any CPU
		Release|Any CPU = Release|Any CPU
	EndGlobalSection
	GlobalSection(ProjectConfigurationPlatforms) = postSolution
		{D0463C64-8321-4E29-A9C7-CFA890F19540}.Debug|Any CPU.ActiveCfg = Debug|Any CPU
		{D0463C64-8321-4E29-A9C7-CFA890F19540}.Debug|Any CPU.Build.0 = Debug|Any CPU
		{D0463C64-8321-4E29-A9C7-CFA890F19540}.Release|Any CPU.ActiveCfg = Release|Any CPU
		{D0463C64-8321-4E29-A9C7-CFA890F19540}.Release|Any CPU.Build.0 = Release|Any CPU
	EndGlobalSection
	GlobalSection(SolutionProperties) = preSolution
		HideSolutionNode = FALSE
	EndGlobalSection
	GlobalSection(ExtensibilityGlobals) = postSolution
		SolutionGuid = {54A0751C-17B1-4B2D-922F-EDC55215937D}
	EndGlobalSection
EndGlobal
