
Microsoft Visual Studio Solution File, Format Version 12.00
# Visual Studio Version 16
VisualStudioVersion = 16.0.30517.126
MinimumVisualStudioVersion = 10.0.40219.1
Project("{FAE04EC0-301F-11D3-BF4B-00C04F79EFBC}") = "TryItOut3Chap6", "TryItOut3Chap6\TryItOut3Chap6.csproj", "{FFA1CF5A-8D56-4C99-8565-0514FCA8AEA5}"
EndProject
Global
	GlobalSection(SolutionConfigurationPlatforms) = preSolution
		Debug|Any CPU = Debug|Any CPU
		Release|Any CPU = Release|Any CPU
	EndGlobalSection
	GlobalSection(ProjectConfigurationPlatforms) = postSolution
		{FFA1CF5A-8D56-4C99-8565-0514FCA8AEA5}.Debug|Any CPU.ActiveCfg = Debug|Any CPU
		{FFA1CF5A-8D56-4C99-8565-0514FCA8AEA5}.Debug|Any CPU.Build.0 = Debug|Any CPU
		{FFA1CF5A-8D56-4C99-8565-0514FCA8AEA5}.Release|Any CPU.ActiveCfg = Release|Any CPU
		{FFA1CF5A-8D56-4C99-8565-0514FCA8AEA5}.Release|Any CPU.Build.0 = Release|Any CPU
	EndGlobalSection
	GlobalSection(SolutionProperties) = preSolution
		HideSolutionNode = FALSE
	EndGlobalSection
	GlobalSection(ExtensibilityGlobals) = postSolution
		SolutionGuid = {92D6194B-CFBB-4463-B3CF-E78E7A6316BB}
	EndGlobalSection
EndGlobal
