
Microsoft Visual Studio Solution File, Format Version 12.00
# Visual Studio Version 16
VisualStudioVersion = 16.0.30611.23
MinimumVisualStudioVersion = 10.0.40219.1
Project("{FAE04EC0-301F-11D3-BF4B-00C04F79EFBC}") = "TryItOut1Chap8", "TryItOut1Chap8\TryItOut1Chap8.csproj", "{057D8731-6A31-44A7-941A-D7666D922FAF}"
EndProject
Global
	GlobalSection(SolutionConfigurationPlatforms) = preSolution
		Debug|Any CPU = Debug|Any CPU
		Release|Any CPU = Release|Any CPU
	EndGlobalSection
	GlobalSection(ProjectConfigurationPlatforms) = postSolution
		{057D8731-6A31-44A7-941A-D7666D922FAF}.Debug|Any CPU.ActiveCfg = Debug|Any CPU
		{057D8731-6A31-44A7-941A-D7666D922FAF}.Debug|Any CPU.Build.0 = Debug|Any CPU
		{057D8731-6A31-44A7-941A-D7666D922FAF}.Release|Any CPU.ActiveCfg = Release|Any CPU
		{057D8731-6A31-44A7-941A-D7666D922FAF}.Release|Any CPU.Build.0 = Release|Any CPU
	EndGlobalSection
	GlobalSection(SolutionProperties) = preSolution
		HideSolutionNode = FALSE
	EndGlobalSection
	GlobalSection(ExtensibilityGlobals) = postSolution
		SolutionGuid = {1F2C84FE-F3D7-4C4C-BC12-CC4FE9249EB4}
	EndGlobalSection
EndGlobal
